
Microsoft Visual Studio Solution File, Format Version 12.00
# Visual Studio Version 16
VisualStudioVersion = 16.0.30621.155
MinimumVisualStudioVersion = 10.0.40219.1
Project("{FAE04EC0-301F-11D3-BF4B-00C04F79EFBC}") = "Hard_Task_2_t1_fis_10_02_2023", "Hard_Task_2_t1_fis_10_02_2023\Hard_Task_2_t1_fis_10_02_2023.csproj", "{5141AC97-9D64-4B0C-81B1-C763C87F996D}"
EndProject
Global
	GlobalSection(SolutionConfigurationPlatforms) = preSolution
		Debug|Any CPU = Debug|Any CPU
		Release|Any CPU = Release|Any CPU
	EndGlobalSection
	GlobalSection(ProjectConfigurationPlatforms) = postSolution
		{5141AC97-9D64-4B0C-81B1-C763C87F996D}.Debug|Any CPU.ActiveCfg = Debug|Any CPU
		{5141AC97-9D64-4B0C-81B1-C763C87F996D}.Debug|Any CPU.Build.0 = Debug|Any CPU
		{5141AC97-9D64-4B0C-81B1-C763C87F996D}.Release|Any CPU.ActiveCfg = Release|Any CPU
		{5141AC97-9D64-4B0C-81B1-C763C87F996D}.Release|Any CPU.Build.0 = Release|Any CPU
	EndGlobalSection
	GlobalSection(SolutionProperties) = preSolution
		HideSolutionNode = FALSE
	EndGlobalSection
	GlobalSection(ExtensibilityGlobals) = postSolution
		SolutionGuid = {72F1286F-EF4E-4F5B-8AA4-EF29E24CD93A}
	EndGlobalSection
EndGlobal
